{
  "name": "cumulocity-docker-application",
  "version": "1.0.0",
  "lockfileVersion": 1,
  "requires": true,
  "dependencies": {
    "cumulocity-ui-build": {
      "version": "http://resources.cumulocity.com/webapps/ui/8.19.16.tar.gz",
      "integrity": "sha512-HehiVnUhtNzXr+FPJgakke8SF2bmHfCDSxxM8enGAxeyzgAZYGH5YKg3mfTCWSOlFdLDHJbkQZB8eUrs9ZGPug=="
    }
  }
}
